// !$*UTF8*$!
{
	archiveVersion = 1;
	classes = {
	};
	objectVersion = 56;
	objects = {

/* Begin PBXBuildFile section */
		E67DED1629A6C99500AB97F2 /* AppDelegate.swift in Sources */ = {isa = PBXBuildFile; fileRef = E67DED1529A6C99500AB97F2 /* AppDelegate.swift */; };
		E67DED1829A6C99500AB97F2 /* SceneDelegate.swift in Sources */ = {isa = PBXBuildFile; fileRef = E67DED1729A6C99500AB97F2 /* SceneDelegate.swift */; };
		E67DED1A29A6C99500AB97F2 /* ViewController.swift in Sources */ = {isa = PBXBuildFile; fileRef = E67DED1929A6C99500AB97F2 /* ViewController.swift */; };
		E67DED1D29A6C99500AB97F2 /* Main.storyboard in Resources */ = {isa = PBXBuildFile; fileRef = E67DED1B29A6C99500AB97F2 /* Main.storyboard */; };
		E67DED1F29A6C99600AB97F2 /* Assets.xcassets in Resources */ = {isa = PBXBuildFile; fileRef = E67DED1E29A6C99600AB97F2 /* Assets.xcassets */; };
		E67DED2229A6C99600AB97F2 /* LaunchScreen.storyboard in Resources */ = {isa = PBXBuildFile; fileRef = E67DED2029A6C99600AB97F2 /* LaunchScreen.storyboard */; };
		E67DED9129A6CA6200AB97F2 /* ImagineEngine.framework in Frameworks */ = {isa = PBXBuildFile; fileRef = E67DED8329A6CA5000AB97F2 /* ImagineEngine.framework */; };
		E67DED9329A6CA7C00AB97F2 /* UIKit.framework in Frameworks */ = {isa = PBXBuildFile; fileRef = E67DED9229A6CA7C00AB97F2 /* UIKit.framework */; };
		E67DEDAC29A6CD2B00AB97F2 /* Ground_right@2x.png in Resources */ = {isa = PBXBuildFile; fileRef = E67DED9929A6CD2B00AB97F2 /* Ground_right@2x.png */; };
		E67DEDAD29A6CD2B00AB97F2 /* Explosion_5@2x.png in Resources */ = {isa = PBXBuildFile; fileRef = E67DED9A29A6CD2B00AB97F2 /* Explosion_5@2x.png */; };
		E67DEDAE29A6CD2B00AB97F2 /* Ground_center@2x.png in Resources */ = {isa = PBXBuildFile; fileRef = E67DED9B29A6CD2B00AB97F2 /* Ground_center@2x.png */; };
		E67DEDAF29A6CD2B00AB97F2 /* Explosion_3@2x.png in Resources */ = {isa = PBXBuildFile; fileRef = E67DED9C29A6CD2B00AB97F2 /* Explosion_3@2x.png */; };
		E67DEDB029A6CD2B00AB97F2 /* Ground_top@2x.png in Resources */ = {isa = PBXBuildFile; fileRef = E67DED9D29A6CD2B00AB97F2 /* Ground_top@2x.png */; };
		E67DEDB129A6CD2B00AB97F2 /* Explosion_1@2x.png in Resources */ = {isa = PBXBuildFile; fileRef = E67DED9E29A6CD2B00AB97F2 /* Explosion_1@2x.png */; };
		E67DEDB229A6CD2B00AB97F2 /* Ground_left@2x.png in Resources */ = {isa = PBXBuildFile; fileRef = E67DED9F29A6CD2B00AB97F2 /* Ground_left@2x.png */; };
		E67DEDB329A6CD2B00AB97F2 /* Explosion_4@2x.png in Resources */ = {isa = PBXBuildFile; fileRef = E67DEDA029A6CD2B00AB97F2 /* Explosion_4@2x.png */; };
		E67DEDB429A6CD2B00AB97F2 /* House_0@2x.png in Resources */ = {isa = PBXBuildFile; fileRef = E67DEDA129A6CD2B00AB97F2 /* House_0@2x.png */; };
		E67DEDB529A6CD2B00AB97F2 /* Ground_bottomRight@2x.png in Resources */ = {isa = PBXBuildFile; fileRef = E67DEDA229A6CD2B00AB97F2 /* Ground_bottomRight@2x.png */; };
		E67DEDB629A6CD2B00AB97F2 /* Explosion_6@2x.png in Resources */ = {isa = PBXBuildFile; fileRef = E67DEDA329A6CD2B00AB97F2 /* Explosion_6@2x.png */; };
		E67DEDB729A6CD2B00AB97F2 /* Ground_topLeft@2x.png in Resources */ = {isa = PBXBuildFile; fileRef = E67DEDA429A6CD2B00AB97F2 /* Ground_topLeft@2x.png */; };
		E67DEDB829A6CD2B00AB97F2 /* Explosion_2@2x.png in Resources */ = {isa = PBXBuildFile; fileRef = E67DEDA529A6CD2B00AB97F2 /* Explosion_2@2x.png */; };
		E67DEDB929A6CD2B00AB97F2 /* Ground_topRight@2x.png in Resources */ = {isa = PBXBuildFile; fileRef = E67DEDA629A6CD2B00AB97F2 /* Ground_topRight@2x.png */; };
		E67DEDBA29A6CD2B00AB97F2 /* Ground_bottomLeft@2x.png in Resources */ = {isa = PBXBuildFile; fileRef = E67DEDA729A6CD2B00AB97F2 /* Ground_bottomLeft@2x.png */; };
		E67DEDBB29A6CD2B00AB97F2 /* Explosion_0@2x.png in Resources */ = {isa = PBXBuildFile; fileRef = E67DEDA829A6CD2B00AB97F2 /* Explosion_0@2x.png */; };
		E67DEDBC29A6CD2B00AB97F2 /* Ground_bottom@2x.png in Resources */ = {isa = PBXBuildFile; fileRef = E67DEDA929A6CD2B00AB97F2 /* Ground_bottom@2x.png */; };
		E67DEDBD29A6CD2B00AB97F2 /* Asteroid_0@2x.png in Resources */ = {isa = PBXBuildFile; fileRef = E67DEDAA29A6CD2B00AB97F2 /* Asteroid_0@2x.png */; };
		E67DEDBE29A6CD2B00AB97F2 /* AsteroidBlaster.swift in Sources */ = {isa = PBXBuildFile; fileRef = E67DEDAB29A6CD2B00AB97F2 /* AsteroidBlaster.swift */; };
/* End PBXBuildFile section */

/* Begin PBXContainerItemProxy section */
		E67DED8229A6CA5000AB97F2 /* PBXContainerItemProxy */ = {
			isa = PBXContainerItemProxy;
			containerPortal = E67DED7929A6CA5000AB97F2 /* ImagineEngine.xcodeproj */;
			proxyType = 2;
			remoteGlobalIDString = 52D6D97C1BEFF229002C0205;
			remoteInfo = "ImagineEngine-iOS";
		};
		E67DED8429A6CA5000AB97F2 /* PBXContainerItemProxy */ = {
			isa = PBXContainerItemProxy;
			containerPortal = E67DED7929A6CA5000AB97F2 /* ImagineEngine.xcodeproj */;
			proxyType = 2;
			remoteGlobalIDString = 52D6D9861BEFF229002C0205;
			remoteInfo = "ImagineEngine-iOS Tests";
		};
		E67DED8629A6CA5000AB97F2 /* PBXContainerItemProxy */ = {
			isa = PBXContainerItemProxy;
			containerPortal = E67DED7929A6CA5000AB97F2 /* ImagineEngine.xcodeproj */;
			proxyType = 2;
			remoteGlobalIDString = DD21B7361F92E75A0034A7CE;
			remoteInfo = "ImagineEngine-macOS";
		};
		E67DED8829A6CA5000AB97F2 /* PBXContainerItemProxy */ = {
			isa = PBXContainerItemProxy;
			containerPortal = E67DED7929A6CA5000AB97F2 /* ImagineEngine.xcodeproj */;
			proxyType = 2;
			remoteGlobalIDString = 525688BA1F9CF33100F87786;
			remoteInfo = "ImagineEngine-macOS Tests";
		};
		E67DED8A29A6CA5000AB97F2 /* PBXContainerItemProxy */ = {
			isa = PBXContainerItemProxy;
			containerPortal = E67DED7929A6CA5000AB97F2 /* ImagineEngine.xcodeproj */;
			proxyType = 2;
			remoteGlobalIDString = 5262A1BC1FA4CCF900DD5B3D;
			remoteInfo = "ImagineEngine-tvOS";
		};
		E67DED8C29A6CA5000AB97F2 /* PBXContainerItemProxy */ = {
			isa = PBXContainerItemProxy;
			containerPortal = E67DED7929A6CA5000AB97F2 /* ImagineEngine.xcodeproj */;
			proxyType = 2;
			remoteGlobalIDString = 5262A1C81FA4CD1900DD5B3D;
			remoteInfo = "ImagineEngine-tvOS Tests";
		};
		E67DED8E29A6CA5A00AB97F2 /* PBXContainerItemProxy */ = {
			isa = PBXContainerItemProxy;
			containerPortal = E67DED7929A6CA5000AB97F2 /* ImagineEngine.xcodeproj */;
			proxyType = 1;
			remoteGlobalIDString = 52D6D97B1BEFF229002C0205;
			remoteInfo = "ImagineEngine-iOS";
		};
/* End PBXContainerItemProxy section */

/* Begin PBXFileReference section */
		E67DED1229A6C99500AB97F2 /* AsteroidBlaster.app */ = {isa = PBXFileReference; explicitFileType = wrapper.application; includeInIndex = 0; path = AsteroidBlaster.app; sourceTree = BUILT_PRODUCTS_DIR; };
		E67DED1529A6C99500AB97F2 /* AppDelegate.swift */ = {isa = PBXFileReference; lastKnownFileType = sourcecode.swift; path = AppDelegate.swift; sourceTree = "<group>"; };
		E67DED1729A6C99500AB97F2 /* SceneDelegate.swift */ = {isa = PBXFileReference; lastKnownFileType = sourcecode.swift; path = SceneDelegate.swift; sourceTree = "<group>"; };
		E67DED1929A6C99500AB97F2 /* ViewController.swift */ = {isa = PBXFileReference; lastKnownFileType = sourcecode.swift; path = ViewController.swift; sourceTree = "<group>"; };
		E67DED1C29A6C99500AB97F2 /* Base */ = {isa = PBXFileReference; lastKnownFileType = file.storyboard; name = Base; path = Base.lproj/Main.storyboard; sourceTree = "<group>"; };
		E67DED1E29A6C99600AB97F2 /* Assets.xcassets */ = {isa = PBXFileReference; lastKnownFileType = folder.assetcatalog; path = Assets.xcassets; sourceTree = "<group>"; };
		E67DED2129A6C99600AB97F2 /* Base */ = {isa = PBXFileReference; lastKnownFileType = file.storyboard; name = Base; path = Base.lproj/LaunchScreen.storyboard; sourceTree = "<group>"; };
		E67DED2329A6C99600AB97F2 /* Info.plist */ = {isa = PBXFileReference; lastKnownFileType = text.plist.xml; path = Info.plist; sourceTree = "<group>"; };
		E67DED7929A6CA5000AB97F2 /* ImagineEngine.xcodeproj */ = {isa = PBXFileReference; lastKnownFileType = "wrapper.pb-project"; name = ImagineEngine.xcodeproj; path = ../../../../ImagineEngine.xcodeproj; sourceTree = "<group>"; };
		E67DED9229A6CA7C00AB97F2 /* UIKit.framework */ = {isa = PBXFileReference; lastKnownFileType = wrapper.framework; name = UIKit.framework; path = System/Library/Frameworks/UIKit.framework; sourceTree = SDKROOT; };
		E67DED9929A6CD2B00AB97F2 /* Ground_right@2x.png */ = {isa = PBXFileReference; lastKnownFileType = image.png; path = "Ground_right@2x.png"; sourceTree = "<group>"; };
		E67DED9A29A6CD2B00AB97F2 /* Explosion_5@2x.png */ = {isa = PBXFileReference; lastKnownFileType = image.png; path = "Explosion_5@2x.png"; sourceTree = "<group>"; };
		E67DED9B29A6CD2B00AB97F2 /* Ground_center@2x.png */ = {isa = PBXFileReference; lastKnownFileType = image.png; path = "Ground_center@2x.png"; sourceTree = "<group>"; };
		E67DED9C29A6CD2B00AB97F2 /* Explosion_3@2x.png */ = {isa = PBXFileReference; lastKnownFileType = image.png; path = "Explosion_3@2x.png"; sourceTree = "<group>"; };
		E67DED9D29A6CD2B00AB97F2 /* Ground_top@2x.png */ = {isa = PBXFileReference; lastKnownFileType = image.png; path = "Ground_top@2x.png"; sourceTree = "<group>"; };
		E67DED9E29A6CD2B00AB97F2 /* Explosion_1@2x.png */ = {isa = PBXFileReference; lastKnownFileType = image.png; path = "Explosion_1@2x.png"; sourceTree = "<group>"; };
		E67DED9F29A6CD2B00AB97F2 /* Ground_left@2x.png */ = {isa = PBXFileReference; lastKnownFileType = image.png; path = "Ground_left@2x.png"; sourceTree = "<group>"; };
		E67DEDA029A6CD2B00AB97F2 /* Explosion_4@2x.png */ = {isa = PBXFileReference; lastKnownFileType = image.png; path = "Explosion_4@2x.png"; sourceTree = "<group>"; };
		E67DEDA129A6CD2B00AB97F2 /* House_0@2x.png */ = {isa = PBXFileReference; lastKnownFileType = image.png; path = "House_0@2x.png"; sourceTree = "<group>"; };
		E67DEDA229A6CD2B00AB97F2 /* Ground_bottomRight@2x.png */ = {isa = PBXFileReference; lastKnownFileType = image.png; path = "Ground_bottomRight@2x.png"; sourceTree = "<group>"; };
		E67DEDA329A6CD2B00AB97F2 /* Explosion_6@2x.png */ = {isa = PBXFileReference; lastKnownFileType = image.png; path = "Explosion_6@2x.png"; sourceTree = "<group>"; };
		E67DEDA429A6CD2B00AB97F2 /* Ground_topLeft@2x.png */ = {isa = PBXFileReference; lastKnownFileType = image.png; path = "Ground_topLeft@2x.png"; sourceTree = "<group>"; };
		E67DEDA529A6CD2B00AB97F2 /* Explosion_2@2x.png */ = {isa = PBXFileReference; lastKnownFileType = image.png; path = "Explosion_2@2x.png"; sourceTree = "<group>"; };
		E67DEDA629A6CD2B00AB97F2 /* Ground_topRight@2x.png */ = {isa = PBXFileReference; lastKnownFileType = image.png; path = "Ground_topRight@2x.png"; sourceTree = "<group>"; };
		E67DEDA729A6CD2B00AB97F2 /* Ground_bottomLeft@2x.png */ = {isa = PBXFileReference; lastKnownFileType = image.png; path = "Ground_bottomLeft@2x.png"; sourceTree = "<group>"; };
		E67DEDA829A6CD2B00AB97F2 /* Explosion_0@2x.png */ = {isa = PBXFileReference; lastKnownFileType = image.png; path = "Explosion_0@2x.png"; sourceTree = "<group>"; };
		E67DEDA929A6CD2B00AB97F2 /* Ground_bottom@2x.png */ = {isa = PBXFileReference; lastKnownFileType = image.png; path = "Ground_bottom@2x.png"; sourceTree = "<group>"; };
		E67DEDAA29A6CD2B00AB97F2 /* Asteroid_0@2x.png */ = {isa = PBXFileReference; lastKnownFileType = image.png; path = "Asteroid_0@2x.png"; sourceTree = "<group>"; };
		E67DEDAB29A6CD2B00AB97F2 /* AsteroidBlaster.swift */ = {isa = PBXFileReference; fileEncoding = 4; lastKnownFileType = sourcecode.swift; path = AsteroidBlaster.swift; sourceTree = "<group>"; };
/* End PBXFileReference section */

/* Begin PBXFrameworksBuildPhase section */
		E67DED0F29A6C99500AB97F2 /* Frameworks */ = {
			isa = PBXFrameworksBuildPhase;
			buildActionMask = 2147483647;
			files = (
				E67DED9329A6CA7C00AB97F2 /* UIKit.framework in Frameworks */,
				E67DED9129A6CA6200AB97F2 /* ImagineEngine.framework in Frameworks */,
			);
			runOnlyForDeploymentPostprocessing = 0;
		};
/* End PBXFrameworksBuildPhase section */

/* Begin PBXGroup section */
		E67DED0929A6C99500AB97F2 = {
			isa = PBXGroup;
			children = (
				E67DED7929A6CA5000AB97F2 /* ImagineEngine.xcodeproj */,
				E67DED1429A6C99500AB97F2 /* AsteroidBlaster */,
				E67DED1329A6C99500AB97F2 /* Products */,
				E67DED9029A6CA6200AB97F2 /* Frameworks */,
			);
			sourceTree = "<group>";
		};
		E67DED1329A6C99500AB97F2 /* Products */ = {
			isa = PBXGroup;
			children = (
				E67DED1229A6C99500AB97F2 /* AsteroidBlaster.app */,
			);
			name = Products;
			sourceTree = "<group>";
		};
		E67DED1429A6C99500AB97F2 /* AsteroidBlaster */ = {
			isa = PBXGroup;
			children = (
				E67DED9729A6CD2B00AB97F2 /* Game */,
				E67DED1529A6C99500AB97F2 /* AppDelegate.swift */,
				E67DED1729A6C99500AB97F2 /* SceneDelegate.swift */,
				E67DED1929A6C99500AB97F2 /* ViewController.swift */,
				E67DED1B29A6C99500AB97F2 /* Main.storyboard */,
				E67DED1E29A6C99600AB97F2 /* Assets.xcassets */,
				E67DED2029A6C99600AB97F2 /* LaunchScreen.storyboard */,
				E67DED2329A6C99600AB97F2 /* Info.plist */,
			);
			path = AsteroidBlaster;
			sourceTree = "<group>";
		};
		E67DED7A29A6CA5000AB97F2 /* Products */ = {
			isa = PBXGroup;
			children = (
				E67DED8329A6CA5000AB97F2 /* ImagineEngine.framework */,
				E67DED8529A6CA5000AB97F2 /* ImagineEngine-iOS Tests.xctest */,
				E67DED8729A6CA5000AB97F2 /* ImagineEngine.framework */,
				E67DED8929A6CA5000AB97F2 /* ImagineEngine-macOS Tests.xctest */,
				E67DED8B29A6CA5000AB97F2 /* ImagineEngine.framework */,
				E67DED8D29A6CA5000AB97F2 /* ImagineEngine-tvOS Tests.xctest */,
			);
			name = Products;
			sourceTree = "<group>";
		};
		E67DED9029A6CA6200AB97F2 /* Frameworks */ = {
			isa = PBXGroup;
			children = (
				E67DED9229A6CA7C00AB97F2 /* UIKit.framework */,
			);
			name = Frameworks;
			sourceTree = "<group>";
		};
		E67DED9729A6CD2B00AB97F2 /* Game */ = {
			isa = PBXGroup;
			children = (
				E67DED9829A6CD2B00AB97F2 /* Resources */,
				E67DEDAB29A6CD2B00AB97F2 /* AsteroidBlaster.swift */,
			);
			name = Game;
			path = ../../Game;
			sourceTree = "<group>";
		};
		E67DED9829A6CD2B00AB97F2 /* Resources */ = {
			isa = PBXGroup;
			children = (
				E67DED9929A6CD2B00AB97F2 /* Ground_right@2x.png */,
				E67DED9A29A6CD2B00AB97F2 /* Explosion_5@2x.png */,
				E67DED9B29A6CD2B00AB97F2 /* Ground_center@2x.png */,
				E67DED9C29A6CD2B00AB97F2 /* Explosion_3@2x.png */,
				E67DED9D29A6CD2B00AB97F2 /* Ground_top@2x.png */,
				E67DED9E29A6CD2B00AB97F2 /* Explosion_1@2x.png */,
				E67DED9F29A6CD2B00AB97F2 /* Ground_left@2x.png */,
				E67DEDA029A6CD2B00AB97F2 /* Explosion_4@2x.png */,
				E67DEDA129A6CD2B00AB97F2 /* House_0@2x.png */,
				E67DEDA229A6CD2B00AB97F2 /* Ground_bottomRight@2x.png */,
				E67DEDA329A6CD2B00AB97F2 /* Explosion_6@2x.png */,
				E67DEDA429A6CD2B00AB97F2 /* Ground_topLeft@2x.png */,
				E67DEDA529A6CD2B00AB97F2 /* Explosion_2@2x.png */,
				E67DEDA629A6CD2B00AB97F2 /* Ground_topRight@2x.png */,
				E67DEDA729A6CD2B00AB97F2 /* Ground_bottomLeft@2x.png */,
				E67DEDA829A6CD2B00AB97F2 /* Explosion_0@2x.png */,
				E67DEDA929A6CD2B00AB97F2 /* Ground_bottom@2x.png */,
				E67DEDAA29A6CD2B00AB97F2 /* Asteroid_0@2x.png */,
			);
			path = Resources;
			sourceTree = "<group>";
		};
/* End PBXGroup section */

/* Begin PBXNativeTarget section */
		E67DED1129A6C99500AB97F2 /* AsteroidBlaster */ = {
			isa = PBXNativeTarget;
			buildConfigurationList = E67DED2629A6C99600AB97F2 /* Build configuration list for PBXNativeTarget "AsteroidBlaster" */;
			buildPhases = (
				E67DED0E29A6C99500AB97F2 /* Sources */,
				E67DED0F29A6C99500AB97F2 /* Frameworks */,
				E67DED1029A6C99500AB97F2 /* Resources */,
			);
			buildRules = (
			);
			dependencies = (
				E67DED8F29A6CA5A00AB97F2 /* PBXTargetDependency */,
			);
			name = AsteroidBlaster;
			productName = AsteroidBlaster;
			productReference = E67DED1229A6C99500AB97F2 /* AsteroidBlaster.app */;
			productType = "com.apple.product-type.application";
		};
/* End PBXNativeTarget section */

/* Begin PBXProject section */
		E67DED0A29A6C99500AB97F2 /* Project object */ = {
			isa = PBXProject;
			attributes = {
				BuildIndependentTargetsInParallel = 1;
				LastSwiftUpdateCheck = 1410;
				LastUpgradeCheck = 1410;
				TargetAttributes = {
					E67DED1129A6C99500AB97F2 = {
						CreatedOnToolsVersion = 14.1;
					};
				};
			};
			buildConfigurationList = E67DED0D29A6C99500AB97F2 /* Build configuration list for PBXProject "AsteroidBlaster" */;
			compatibilityVersion = "Xcode 14.0";
			developmentRegion = en;
			hasScannedForEncodings = 0;
			knownRegions = (
				en,
				Base,
			);
			mainGroup = E67DED0929A6C99500AB97F2;
			productRefGroup = E67DED1329A6C99500AB97F2 /* Products */;
			projectDirPath = "";
			projectReferences = (
				{
					ProductGroup = E67DED7A29A6CA5000AB97F2 /* Products */;
					ProjectRef = E67DED7929A6CA5000AB97F2 /* ImagineEngine.xcodeproj */;
				},
			);
			projectRoot = "";
			targets = (
				E67DED1129A6C99500AB97F2 /* AsteroidBlaster */,
			);
		};
/* End PBXProject section */

/* Begin PBXReferenceProxy section */
		E67DED8329A6CA5000AB97F2 /* ImagineEngine.framework */ = {
			isa = PBXReferenceProxy;
			fileType = wrapper.framework;
			path = ImagineEngine.framework;
			remoteRef = E67DED8229A6CA5000AB97F2 /* PBXContainerItemProxy */;
			sourceTree = BUILT_PRODUCTS_DIR;
		};
		E67DED8529A6CA5000AB97F2 /* ImagineEngine-iOS Tests.xctest */ = {
			isa = PBXReferenceProxy;
			fileType = wrapper.cfbundle;
			path = "ImagineEngine-iOS Tests.xctest";
			remoteRef = E67DED8429A6CA5000AB97F2 /* PBXContainerItemProxy */;
			sourceTree = BUILT_PRODUCTS_DIR;
		};
		E67DED8729A6CA5000AB97F2 /* ImagineEngine.framework */ = {
			isa = PBXReferenceProxy;
			fileType = wrapper.framework;
			path = ImagineEngine.framework;
			remoteRef = E67DED8629A6CA5000AB97F2 /* PBXContainerItemProxy */;
			sourceTree = BUILT_PRODUCTS_DIR;
		};
		E67DED8929A6CA5000AB97F2 /* ImagineEngine-macOS Tests.xctest */ = {
			isa = PBXReferenceProxy;
			fileType = wrapper.cfbundle;
			path = "ImagineEngine-macOS Tests.xctest";
			remoteRef = E67DED8829A6CA5000AB97F2 /* PBXContainerItemProxy */;
			sourceTree = BUILT_PRODUCTS_DIR;
		};
		E67DED8B29A6CA5000AB97F2 /* ImagineEngine.framework */ = {
			isa = PBXReferenceProxy;
			fileType = wrapper.framework;
			path = ImagineEngine.framework;
			remoteRef = E67DED8A29A6CA5000AB97F2 /* PBXContainerItemProxy */;
			sourceTree = BUILT_PRODUCTS_DIR;
		};
		E67DED8D29A6CA5000AB97F2 /* ImagineEngine-tvOS Tests.xctest */ = {
			isa = PBXReferenceProxy;
			fileType = wrapper.cfbundle;
			path = "ImagineEngine-tvOS Tests.xctest";
			remoteRef = E67DED8C29A6CA5000AB97F2 /* PBXContainerItemProxy */;
			sourceTree = BUILT_PRODUCTS_DIR;
		};
/* End PBXReferenceProxy section */

/* Begin PBXResourcesBuildPhase section */
		E67DED1029A6C99500AB97F2 /* Resources */ = {
			isa = PBXResourcesBuildPhase;
			buildActionMask = 2147483647;
			files = (
				E67DEDB229A6CD2B00AB97F2 /* Ground_left@2x.png in Resources */,
				E67DEDBD29A6CD2B00AB97F2 /* Asteroid_0@2x.png in Resources */,
				E67DEDB829A6CD2B00AB97F2 /* Explosion_2@2x.png in Resources */,
				E67DEDB529A6CD2B00AB97F2 /* Ground_bottomRight@2x.png in Resources */,
				E67DEDB329A6CD2B00AB97F2 /* Explosion_4@2x.png in Resources */,
				E67DEDB929A6CD2B00AB97F2 /* Ground_topRight@2x.png in Resources */,
				E67DEDB629A6CD2B00AB97F2 /* Explosion_6@2x.png in Resources */,
				E67DEDBB29A6CD2B00AB97F2 /* Explosion_0@2x.png in Resources */,
				E67DEDB429A6CD2B00AB97F2 /* House_0@2x.png in Resources */,
				E67DEDAC29A6CD2B00AB97F2 /* Ground_right@2x.png in Resources */,
				E67DED2229A6C99600AB97F2 /* LaunchScreen.storyboard in Resources */,
				E67DEDB129A6CD2B00AB97F2 /* Explosion_1@2x.png in Resources */,
				E67DEDB729A6CD2B00AB97F2 /* Ground_topLeft@2x.png in Resources */,
				E67DEDAE29A6CD2B00AB97F2 /* Ground_center@2x.png in Resources */,
				E67DED1F29A6C99600AB97F2 /* Assets.xcassets in Resources */,
				E67DEDAD29A6CD2B00AB97F2 /* Explosion_5@2x.png in Resources */,
				E67DEDAF29A6CD2B00AB97F2 /* Explosion_3@2x.png in Resources */,
				E67DEDBC29A6CD2B00AB97F2 /* Ground_bottom@2x.png in Resources */,
				E67DEDBA29A6CD2B00AB97F2 /* Ground_bottomLeft@2x.png in Resources */,
				E67DED1D29A6C99500AB97F2 /* Main.storyboard in Resources */,
				E67DEDB029A6CD2B00AB97F2 /* Ground_top@2x.png in Resources */,
			);
			runOnlyForDeploymentPostprocessing = 0;
		};
/* End PBXResourcesBuildPhase section */

/* Begin PBXSourcesBuildPhase section */
		E67DED0E29A6C99500AB97F2 /* Sources */ = {
			isa = PBXSourcesBuildPhase;
			buildActionMask = 2147483647;
			files = (
				E67DEDBE29A6CD2B00AB97F2 /* AsteroidBlaster.swift in Sources */,
				E67DED1A29A6C99500AB97F2 /* ViewController.swift in Sources */,
				E67DED1629A6C99500AB97F2 /* AppDelegate.swift in Sources */,
				E67DED1829A6C99500AB97F2 /* SceneDelegate.swift in Sources */,
			);
			runOnlyForDeploymentPostprocessing = 0;
		};
/* End PBXSourcesBuildPhase section */

/* Begin PBXTargetDependency section */
		E67DED8F29A6CA5A00AB97F2 /* PBXTargetDependency */ = {
			isa = PBXTargetDependency;
			name = "ImagineEngine-iOS";
			targetProxy = E67DED8E29A6CA5A00AB97F2 /* PBXContainerItemProxy */;
		};
/* End PBXTargetDependency section */

/* Begin PBXVariantGroup section */
		E67DED1B29A6C99500AB97F2 /* Main.storyboard */ = {
			isa = PBXVariantGroup;
			children = (
				E67DED1C29A6C99500AB97F2 /* Base */,
			);
			name = Main.storyboard;
			sourceTree = "<group>";
		};
		E67DED2029A6C99600AB97F2 /* LaunchScreen.storyboard */ = {
			isa = PBXVariantGroup;
			children = (
				E67DED2129A6C99600AB97F2 /* Base */,
			);
			name = LaunchScreen.storyboard;
			sourceTree = "<group>";
		};
/* End PBXVariantGroup section */

/* Begin XCBuildConfiguration section */
		E67DED2429A6C99600AB97F2 /* Debug */ = {
			isa = XCBuildConfiguration;
			buildSettings = {
				ALWAYS_SEARCH_USER_PATHS = NO;
				CLANG_ANALYZER_NONNULL = YES;
				CLANG_ANALYZER_NUMBER_OBJECT_CONVERSION = YES_AGGRESSIVE;
				CLANG_CXX_LANGUAGE_STANDARD = "gnu++20";
				CLANG_ENABLE_MODULES = YES;
				CLANG_ENABLE_OBJC_ARC = YES;
				CLANG_ENABLE_OBJC_WEAK = YES;
				CLANG_WARN_BLOCK_CAPTURE_AUTORELEASING = YES;
				CLANG_WARN_BOOL_CONVERSION = YES;
				CLANG_WARN_COMMA = YES;
				CLANG_WARN_CONSTANT_CONVERSION = YES;
				CLANG_WARN_DEPRECATED_OBJC_IMPLEMENTATIONS = YES;
				CLANG_WARN_DIRECT_OBJC_ISA_USAGE = YES_ERROR;
				CLANG_WARN_DOCUMENTATION_COMMENTS = YES;
				CLANG_WARN_EMPTY_BODY = YES;
				CLANG_WARN_ENUM_CONVERSION = YES;
				CLANG_WARN_INFINITE_RECURSION = YES;
				CLANG_WARN_INT_CONVERSION = YES;
				CLANG_WARN_NON_LITERAL_NULL_CONVERSION = YES;
				CLANG_WARN_OBJC_IMPLICIT_RETAIN_SELF = YES;
				CLANG_WARN_OBJC_LITERAL_CONVERSION = YES;
				CLANG_WARN_OBJC_ROOT_CLASS = YES_ERROR;
				CLANG_WARN_QUOTED_INCLUDE_IN_FRAMEWORK_HEADER = YES;
				CLANG_WARN_RANGE_LOOP_ANALYSIS = YES;
				CLANG_WARN_STRICT_PROTOTYPES = YES;
				CLANG_WARN_SUSPICIOUS_MOVE = YES;
				CLANG_WARN_UNGUARDED_AVAILABILITY = YES_AGGRESSIVE;
				CLANG_WARN_UNREACHABLE_CODE = YES;
				CLANG_WARN__DUPLICATE_METHOD_MATCH = YES;
				COPY_PHASE_STRIP = NO;
				DEBUG_INFORMATION_FORMAT = dwarf;
				ENABLE_STRICT_OBJC_MSGSEND = YES;
				ENABLE_TESTABILITY = YES;
				GCC_C_LANGUAGE_STANDARD = gnu11;
				GCC_DYNAMIC_NO_PIC = NO;
				GCC_NO_COMMON_BLOCKS = YES;
				GCC_OPTIMIZATION_LEVEL = 0;
				GCC_PREPROCESSOR_DEFINITIONS = (
					"DEBUG=1",
					"$(inherited)",
				);
				GCC_WARN_64_TO_32_BIT_CONVERSION = YES;
				GCC_WARN_ABOUT_RETURN_TYPE = YES_ERROR;
				GCC_WARN_UNDECLARED_SELECTOR = YES;
				GCC_WARN_UNINITIALIZED_AUTOS = YES_AGGRESSIVE;
				GCC_WARN_UNUSED_FUNCTION = YES;
				GCC_WARN_UNUSED_VARIABLE = YES;
				IPHONEOS_DEPLOYMENT_TARGET = 16.1;
				MTL_ENABLE_DEBUG_INFO = INCLUDE_SOURCE;
				MTL_FAST_MATH = YES;
				ONLY_ACTIVE_ARCH = YES;
				SDKROOT = iphoneos;
				SWIFT_ACTIVE_COMPILATION_CONDITIONS = DEBUG;
				SWIFT_OPTIMIZATION_LEVEL = "-Onone";
			};
			name = Debug;
		};
		E67DED2529A6C99600AB97F2 /* Release */ = {
			isa = XCBuildConfiguration;
			buildSettings = {
				ALWAYS_SEARCH_USER_PATHS = NO;
				CLANG_ANALYZER_NONNULL = YES;
				CLANG_ANALYZER_NUMBER_OBJECT_CONVERSION = YES_AGGRESSIVE;
				CLANG_CXX_LANGUAGE_STANDARD = "gnu++20";
				CLANG_ENABLE_MODULES = YES;
				CLANG_ENABLE_OBJC_ARC = YES;
				CLANG_ENABLE_OBJC_WEAK = YES;
				CLANG_WARN_BLOCK_CAPTURE_AUTORELEASING = YES;
				CLANG_WARN_BOOL_CONVERSION = YES;
				CLANG_WARN_COMMA = YES;
				CLANG_WARN_CONSTANT_CONVERSION = YES;
				CLANG_WARN_DEPRECATED_OBJC_IMPLEMENTATIONS = YES;
				CLANG_WARN_DIRECT_OBJC_ISA_USAGE = YES_ERROR;
				CLANG_WARN_DOCUMENTATION_COMMENTS = YES;
				CLANG_WARN_EMPTY_BODY = YES;
				CLANG_WARN_ENUM_CONVERSION = YES;
				CLANG_WARN_INFINITE_RECURSION = YES;
				CLANG_WARN_INT_CONVERSION = YES;
				CLANG_WARN_NON_LITERAL_NULL_CONVERSION = YES;
				CLANG_WARN_OBJC_IMPLICIT_RETAIN_SELF = YES;
				CLANG_WARN_OBJC_LITERAL_CONVERSION = YES;
				CLANG_WARN_OBJC_ROOT_CLASS = YES_ERROR;
				CLANG_WARN_QUOTED_INCLUDE_IN_FRAMEWORK_HEADER = YES;
				CLANG_WARN_RANGE_LOOP_ANALYSIS = YES;
				CLANG_WARN_STRICT_PROTOTYPES = YES;
				CLANG_WARN_SUSPICIOUS_MOVE = YES;
				CLANG_WARN_UNGUARDED_AVAILABILITY = YES_AGGRESSIVE;
				CLANG_WARN_UNREACHABLE_CODE = YES;
				CLANG_WARN__DUPLICATE_METHOD_MATCH = YES;
				COPY_PHASE_STRIP = NO;
				DEBUG_INFORMATION_FORMAT = "dwarf-with-dsym";
				ENABLE_NS_ASSERTIONS = NO;
				ENABLE_STRICT_OBJC_MSGSEND = YES;
				GCC_C_LANGUAGE_STANDARD = gnu11;
				GCC_NO_COMMON_BLOCKS = YES;
				GCC_WARN_64_TO_32_BIT_CONVERSION = YES;
				GCC_WARN_ABOUT_RETURN_TYPE = YES_ERROR;
				GCC_WARN_UNDECLARED_SELECTOR = YES;
				GCC_WARN_UNINITIALIZED_AUTOS = YES_AGGRESSIVE;
				GCC_WARN_UNUSED_FUNCTION = YES;
				GCC_WARN_UNUSED_VARIABLE = YES;
				IPHONEOS_DEPLOYMENT_TARGET = 16.1;
				MTL_ENABLE_DEBUG_INFO = NO;
				MTL_FAST_MATH = YES;
				SDKROOT = iphoneos;
				SWIFT_COMPILATION_MODE = wholemodule;
				SWIFT_OPTIMIZATION_LEVEL = "-O";
				VALIDATE_PRODUCT = YES;
			};
			name = Release;
		};
		E67DED2729A6C99600AB97F2 /* Debug */ = {
			isa = XCBuildConfiguration;
			buildSettings = {
				ASSETCATALOG_COMPILER_APPICON_NAME = AppIcon;
				ASSETCATALOG_COMPILER_GLOBAL_ACCENT_COLOR_NAME = AccentColor;
				CODE_SIGN_STYLE = Automatic;
				CURRENT_PROJECT_VERSION = 1;
				DEVELOPMENT_TEAM = PTU5U456Q7;
				GENERATE_INFOPLIST_FILE = YES;
				INFOPLIST_FILE = AsteroidBlaster/Info.plist;
				INFOPLIST_KEY_UIApplicationSupportsIndirectInputEvents = YES;
				INFOPLIST_KEY_UILaunchStoryboardName = LaunchScreen;
				INFOPLIST_KEY_UIMainStoryboardFile = Main;
				INFOPLIST_KEY_UISupportedInterfaceOrientations_iPad = "UIInterfaceOrientationPortrait UIInterfaceOrientationPortraitUpsideDown UIInterfaceOrientationLandscapeLeft UIInterfaceOrientationLandscapeRight";
				INFOPLIST_KEY_UISupportedInterfaceOrientations_iPhone = "UIInterfaceOrientationPortrait UIInterfaceOrientationLandscapeLeft UIInterfaceOrientationLandscapeRight";
				LD_RUNPATH_SEARCH_PATHS = (
					"$(inherited)",
					"@executable_path/Frameworks",
				);
				MARKETING_VERSION = 1.0;
				PRODUCT_BUNDLE_IDENTIFIER = com.whackylabs.demo.AsteroidBlaster;
				PRODUCT_NAME = "$(TARGET_NAME)";
				SWIFT_EMIT_LOC_STRINGS = YES;
				SWIFT_VERSION = 5.0;
				TARGETED_DEVICE_FAMILY = "1,2";
			};
			name = Debug;
		};
		E67DED2829A6C99600AB97F2 /* Release */ = {
			isa = XCBuildConfiguration;
			buildSettings = {
				ASSETCATALOG_COMPILER_APPICON_NAME = AppIcon;
				ASSETCATALOG_COMPILER_GLOBAL_ACCENT_COLOR_NAME = AccentColor;
				CODE_SIGN_STYLE = Automatic;
				CURRENT_PROJECT_VERSION = 1;
				DEVELOPMENT_TEAM = PTU5U456Q7;
				GENERATE_INFOPLIST_FILE = YES;
				INFOPLIST_FILE = AsteroidBlaster/Info.plist;
				INFOPLIST_KEY_UIApplicationSupportsIndirectInputEvents = YES;
				INFOPLIST_KEY_UILaunchStoryboardName = LaunchScreen;
				INFOPLIST_KEY_UIMainStoryboardFile = Main;
				INFOPLIST_KEY_UISupportedInterfaceOrientations_iPad = "UIInterfaceOrientationPortrait UIInterfaceOrientationPortraitUpsideDown UIInterfaceOrientationLandscapeLeft UIInterfaceOrientationLandscapeRight";
				INFOPLIST_KEY_UISupportedInterfaceOrientations_iPhone = "UIInterfaceOrientationPortrait UIInterfaceOrientationLandscapeLeft UIInterfaceOrientationLandscapeRight";
				LD_RUNPATH_SEARCH_PATHS = (
					"$(inherited)",
					"@executable_path/Frameworks",
				);
				MARKETING_VERSION = 1.0;
				PRODUCT_BUNDLE_IDENTIFIER = com.whackylabs.demo.AsteroidBlaster;
				PRODUCT_NAME = "$(TARGET_NAME)";
				SWIFT_EMIT_LOC_STRINGS = YES;
				SWIFT_VERSION = 5.0;
				TARGETED_DEVICE_FAMILY = "1,2";
			};
			name = Release;
		};
/* End XCBuildConfiguration section */

/* Begin XCConfigurationList section */
		E67DED0D29A6C99500AB97F2 /* Build configuration list for PBXProject "AsteroidBlaster" */ = {
			isa = XCConfigurationList;
			buildConfigurations = (
				E67DED2429A6C99600AB97F2 /* Debug */,
				E67DED2529A6C99600AB97F2 /* Release */,
			);
			defaultConfigurationIsVisible = 0;
			defaultConfigurationName = Release;
		};
		E67DED2629A6C99600AB97F2 /* Build configuration list for PBXNativeTarget "AsteroidBlaster" */ = {
			isa = XCConfigurationList;
			buildConfigurations = (
				E67DED2729A6C99600AB97F2 /* Debug */,
				E67DED2829A6C99600AB97F2 /* Release */,
			);
			defaultConfigurationIsVisible = 0;
			defaultConfigurationName = Release;
		};
/* End XCConfigurationList section */
	};
	rootObject = E67DED0A29A6C99500AB97F2 /* Project object */;
}
